// !$*UTF8*$!
{
	archiveVersion = 1;
	classes = {
	};
	objectVersion = 55;
	objects = {

/* Begin PBXBuildFile section */
		AA3EF1D227AAC2B900CE248E /* Generator.swift in Sources */ = {isa = PBXBuildFile; fileRef = AA3EF1D127AAC2B900CE248E /* Generator.swift */; };
		AA3EF1D727AAC8D700CE248E /* GeneratorRow.swift in Sources */ = {isa = PBXBuildFile; fileRef = AA3EF1D627AAC8D700CE248E /* GeneratorRow.swift */; };
		AA3EF1DA27AACCA100CE248E /* NavigationBar.swift in Sources */ = {isa = PBXBuildFile; fileRef = AA3EF1D927AACCA100CE248E /* NavigationBar.swift */; };
		AA3EF1DC27AACDAE00CE248E /* TitleBar.swift in Sources */ = {isa = PBXBuildFile; fileRef = AA3EF1DB27AACDAE00CE248E /* TitleBar.swift */; };
		AA3EF1DE27AB0F3F00CE248E /* GeneratorCreationView.swift in Sources */ = {isa = PBXBuildFile; fileRef = AA3EF1DD27AB0F3F00CE248E /* GeneratorCreationView.swift */; };
		AA3EF1E227AB11D600CE248E /* GeneratorDetailsView.swift in Sources */ = {isa = PBXBuildFile; fileRef = AA3EF1E127AB11D600CE248E /* GeneratorDetailsView.swift */; };
		AA3EF1E427AB280D00CE248E /* EventManager.swift in Sources */ = {isa = PBXBuildFile; fileRef = AA3EF1E327AB280D00CE248E /* EventManager.swift */; };
		AA3EF1E827B06FEC00CE248E /* ContentView.swift in Sources */ = {isa = PBXBuildFile; fileRef = AA3EF1E727B06FEC00CE248E /* ContentView.swift */; };
		AA3EF1EA27B077C700CE248E /* AllGeneratorsView.swift in Sources */ = {isa = PBXBuildFile; fileRef = AA3EF1E927B077C700CE248E /* AllGeneratorsView.swift */; };
		AA3EF1EC27B07A9900CE248E /* GeneratorAddRow.swift in Sources */ = {isa = PBXBuildFile; fileRef = AA3EF1EB27B07A9900CE248E /* GeneratorAddRow.swift */; };
		AA838DB727B5D2D200659EF5 /* RoomView.swift in Sources */ = {isa = PBXBuildFile; fileRef = AA838DB627B5D2D200659EF5 /* RoomView.swift */; };
		AA838DB927B6809300659EF5 /* FlipCoinView.swift in Sources */ = {isa = PBXBuildFile; fileRef = AA838DB827B6809300659EF5 /* FlipCoinView.swift */; };
		AA838DBC27B6849200659EF5 /* AnotherListView.swift in Sources */ = {isa = PBXBuildFile; fileRef = AA838DBB27B6849200659EF5 /* AnotherListView.swift */; };
		AA838DBE27B68A5D00659EF5 /* RollDicesView.swift in Sources */ = {isa = PBXBuildFile; fileRef = AA838DBD27B68A5D00659EF5 /* RollDicesView.swift */; };
		AA838DC027B68A7800659EF5 /* CallNumberView.swift in Sources */ = {isa = PBXBuildFile; fileRef = AA838DBF27B68A7800659EF5 /* CallNumberView.swift */; };
		AAFD07DD275BED60007C7C8B /* ScrolloApp.swift in Sources */ = {isa = PBXBuildFile; fileRef = AAFD07DC275BED60007C7C8B /* ScrolloApp.swift */; };
		AAFD07E1275BED61007C7C8B /* Assets.xcassets in Resources */ = {isa = PBXBuildFile; fileRef = AAFD07E0275BED61007C7C8B /* Assets.xcassets */; };
		AAFD07E4275BED61007C7C8B /* Preview Assets.xcassets in Resources */ = {isa = PBXBuildFile; fileRef = AAFD07E3275BED61007C7C8B /* Preview Assets.xcassets */; };
		E7C0539C286F67A600ED4709 /* SearchNpcView.swift in Sources */ = {isa = PBXBuildFile; fileRef = E7C0539B286F67A600ED4709 /* SearchNpcView.swift */; };
		E7C053A0286F6B3000ED4709 /* NPC.swift in Sources */ = {isa = PBXBuildFile; fileRef = E7C0539F286F6B3000ED4709 /* NPC.swift */; };
		E7C053A2286F76C100ED4709 /* Constants.swift in Sources */ = {isa = PBXBuildFile; fileRef = E7C053A1286F76C100ED4709 /* Constants.swift */; };
		E7C053A42870543300ED4709 /* TalkNpcView.swift in Sources */ = {isa = PBXBuildFile; fileRef = E7C053A32870543300ED4709 /* TalkNpcView.swift */; };
		E7C053A6287054FA00ED4709 /* GrowingButton.swift in Sources */ = {isa = PBXBuildFile; fileRef = E7C053A5287054FA00ED4709 /* GrowingButton.swift */; };
/* End PBXBuildFile section */

/* Begin PBXContainerItemProxy section */
		AAFD07EA275BED61007C7C8B /* PBXContainerItemProxy */ = {
			isa = PBXContainerItemProxy;
			containerPortal = AAFD07D1275BED60007C7C8B /* Project object */;
			proxyType = 1;
			remoteGlobalIDString = AAFD07D8275BED60007C7C8B;
			remoteInfo = Scrollo;
		};
		AAFD07F4275BED61007C7C8B /* PBXContainerItemProxy */ = {
			isa = PBXContainerItemProxy;
			containerPortal = AAFD07D1275BED60007C7C8B /* Project object */;
			proxyType = 1;
			remoteGlobalIDString = AAFD07D8275BED60007C7C8B;
			remoteInfo = Scrollo;
		};
/* End PBXContainerItemProxy section */

/* Begin PBXFileReference section */
		AA3EF1D127AAC2B900CE248E /* Generator.swift */ = {isa = PBXFileReference; lastKnownFileType = sourcecode.swift; path = Generator.swift; sourceTree = "<group>"; };
		AA3EF1D627AAC8D700CE248E /* GeneratorRow.swift */ = {isa = PBXFileReference; lastKnownFileType = sourcecode.swift; path = GeneratorRow.swift; sourceTree = "<group>"; };
		AA3EF1D927AACCA100CE248E /* NavigationBar.swift */ = {isa = PBXFileReference; lastKnownFileType = sourcecode.swift; path = NavigationBar.swift; sourceTree = "<group>"; };
		AA3EF1DB27AACDAE00CE248E /* TitleBar.swift */ = {isa = PBXFileReference; lastKnownFileType = sourcecode.swift; path = TitleBar.swift; sourceTree = "<group>"; };
		AA3EF1DD27AB0F3F00CE248E /* GeneratorCreationView.swift */ = {isa = PBXFileReference; lastKnownFileType = sourcecode.swift; path = GeneratorCreationView.swift; sourceTree = "<group>"; };
		AA3EF1E127AB11D600CE248E /* GeneratorDetailsView.swift */ = {isa = PBXFileReference; lastKnownFileType = sourcecode.swift; path = GeneratorDetailsView.swift; sourceTree = "<group>"; };
		AA3EF1E327AB280D00CE248E /* EventManager.swift */ = {isa = PBXFileReference; lastKnownFileType = sourcecode.swift; path = EventManager.swift; sourceTree = "<group>"; };
		AA3EF1E727B06FEC00CE248E /* ContentView.swift */ = {isa = PBXFileReference; lastKnownFileType = sourcecode.swift; path = ContentView.swift; sourceTree = "<group>"; };
		AA3EF1E927B077C700CE248E /* AllGeneratorsView.swift */ = {isa = PBXFileReference; lastKnownFileType = sourcecode.swift; path = AllGeneratorsView.swift; sourceTree = "<group>"; };
		AA3EF1EB27B07A9900CE248E /* GeneratorAddRow.swift */ = {isa = PBXFileReference; lastKnownFileType = sourcecode.swift; path = GeneratorAddRow.swift; sourceTree = "<group>"; };
		AA838DB627B5D2D200659EF5 /* RoomView.swift */ = {isa = PBXFileReference; lastKnownFileType = sourcecode.swift; path = RoomView.swift; sourceTree = "<group>"; };
		AA838DB827B6809300659EF5 /* FlipCoinView.swift */ = {isa = PBXFileReference; lastKnownFileType = sourcecode.swift; path = FlipCoinView.swift; sourceTree = "<group>"; };
		AA838DBB27B6849200659EF5 /* AnotherListView.swift */ = {isa = PBXFileReference; lastKnownFileType = sourcecode.swift; path = AnotherListView.swift; sourceTree = "<group>"; };
		AA838DBD27B68A5D00659EF5 /* RollDicesView.swift */ = {isa = PBXFileReference; lastKnownFileType = sourcecode.swift; path = RollDicesView.swift; sourceTree = "<group>"; };
		AA838DBF27B68A7800659EF5 /* CallNumberView.swift */ = {isa = PBXFileReference; lastKnownFileType = sourcecode.swift; path = CallNumberView.swift; sourceTree = "<group>"; };
		AAFD07D9275BED60007C7C8B /* Scrollo.app */ = {isa = PBXFileReference; explicitFileType = wrapper.application; includeInIndex = 0; path = Scrollo.app; sourceTree = BUILT_PRODUCTS_DIR; };
		AAFD07DC275BED60007C7C8B /* ScrolloApp.swift */ = {isa = PBXFileReference; lastKnownFileType = sourcecode.swift; path = ScrolloApp.swift; sourceTree = "<group>"; };
		AAFD07E0275BED61007C7C8B /* Assets.xcassets */ = {isa = PBXFileReference; lastKnownFileType = folder.assetcatalog; path = Assets.xcassets; sourceTree = "<group>"; };
		AAFD07E3275BED61007C7C8B /* Preview Assets.xcassets */ = {isa = PBXFileReference; lastKnownFileType = folder.assetcatalog; path = "Preview Assets.xcassets"; sourceTree = "<group>"; };
		AAFD07E9275BED61007C7C8B /* ScrolloTests.xctest */ = {isa = PBXFileReference; explicitFileType = wrapper.cfbundle; includeInIndex = 0; path = ScrolloTests.xctest; sourceTree = BUILT_PRODUCTS_DIR; };
		AAFD07F3275BED61007C7C8B /* ScrolloUITests.xctest */ = {isa = PBXFileReference; explicitFileType = wrapper.cfbundle; includeInIndex = 0; path = ScrolloUITests.xctest; sourceTree = BUILT_PRODUCTS_DIR; };
		E7C0539B286F67A600ED4709 /* SearchNpcView.swift */ = {isa = PBXFileReference; lastKnownFileType = sourcecode.swift; path = SearchNpcView.swift; sourceTree = "<group>"; };
		E7C0539F286F6B3000ED4709 /* NPC.swift */ = {isa = PBXFileReference; lastKnownFileType = sourcecode.swift; path = NPC.swift; sourceTree = "<group>"; };
		E7C053A1286F76C100ED4709 /* Constants.swift */ = {isa = PBXFileReference; lastKnownFileType = sourcecode.swift; path = Constants.swift; sourceTree = "<group>"; };
		E7C053A32870543300ED4709 /* TalkNpcView.swift */ = {isa = PBXFileReference; lastKnownFileType = sourcecode.swift; path = TalkNpcView.swift; sourceTree = "<group>"; };
		E7C053A5287054FA00ED4709 /* GrowingButton.swift */ = {isa = PBXFileReference; lastKnownFileType = sourcecode.swift; path = GrowingButton.swift; sourceTree = "<group>"; };
/* End PBXFileReference section */

/* Begin PBXFrameworksBuildPhase section */
		AAFD07D6275BED60007C7C8B /* Frameworks */ = {
			isa = PBXFrameworksBuildPhase;
			buildActionMask = 2147483647;
			files = (
			);
			runOnlyForDeploymentPostprocessing = 0;
		};
		AAFD07E6275BED61007C7C8B /* Frameworks */ = {
			isa = PBXFrameworksBuildPhase;
			buildActionMask = 2147483647;
			files = (
			);
			runOnlyForDeploymentPostprocessing = 0;
		};
		AAFD07F0275BED61007C7C8B /* Frameworks */ = {
			isa = PBXFrameworksBuildPhase;
			buildActionMask = 2147483647;
			files = (
			);
			runOnlyForDeploymentPostprocessing = 0;
		};
/* End PBXFrameworksBuildPhase section */

/* Begin PBXGroup section */
		AA3EF1D027AAC27600CE248E /* Views */ = {
			isa = PBXGroup;
			children = (
				AA3EF1E727B06FEC00CE248E /* ContentView.swift */,
				AA3EF1DD27AB0F3F00CE248E /* GeneratorCreationView.swift */,
				AA3EF1E927B077C700CE248E /* AllGeneratorsView.swift */,
				AA838DBB27B6849200659EF5 /* AnotherListView.swift */,
				AA838DB627B5D2D200659EF5 /* RoomView.swift */,
				AA838DBA27B682FE00659EF5 /* GeneratorsViews */,
			);
			path = Views;
			sourceTree = "<group>";
		};
		AA3EF1D527AAC45700CE248E /* Models */ = {
			isa = PBXGroup;
			children = (
				AA3EF1D127AAC2B900CE248E /* Generator.swift */,
				E7C0539F286F6B3000ED4709 /* NPC.swift */,
			);
			path = Models;
			sourceTree = "<group>";
		};
		AA3EF1D827AACA2700CE248E /* Components */ = {
			isa = PBXGroup;
			children = (
				AA3EF1D627AAC8D700CE248E /* GeneratorRow.swift */,
				AA3EF1EB27B07A9900CE248E /* GeneratorAddRow.swift */,
				AA3EF1DB27AACDAE00CE248E /* TitleBar.swift */,
				AA3EF1D927AACCA100CE248E /* NavigationBar.swift */,
				E7C053A5287054FA00ED4709 /* GrowingButton.swift */,
			);
			path = Components;
			sourceTree = "<group>";
		};
		AA838DBA27B682FE00659EF5 /* GeneratorsViews */ = {
			isa = PBXGroup;
			children = (
				AA3EF1E127AB11D600CE248E /* GeneratorDetailsView.swift */,
				AA838DB827B6809300659EF5 /* FlipCoinView.swift */,
				AA838DBD27B68A5D00659EF5 /* RollDicesView.swift */,
				AA838DBF27B68A7800659EF5 /* CallNumberView.swift */,
				E7C0539B286F67A600ED4709 /* SearchNpcView.swift */,
				E7C053A32870543300ED4709 /* TalkNpcView.swift */,
			);
			path = GeneratorsViews;
			sourceTree = "<group>";
		};
		AAFD07D0275BED60007C7C8B = {
			isa = PBXGroup;
			children = (
				AAFD07DB275BED60007C7C8B /* Scrollo */,
				AAFD07DA275BED60007C7C8B /* Products */,
			);
			sourceTree = "<group>";
		};
		AAFD07DA275BED60007C7C8B /* Products */ = {
			isa = PBXGroup;
			children = (
				AAFD07D9275BED60007C7C8B /* Scrollo.app */,
				AAFD07E9275BED61007C7C8B /* ScrolloTests.xctest */,
				AAFD07F3275BED61007C7C8B /* ScrolloUITests.xctest */,
			);
			name = Products;
			sourceTree = "<group>";
		};
		AAFD07DB275BED60007C7C8B /* Scrollo */ = {
			isa = PBXGroup;
			children = (
				AAFD07DC275BED60007C7C8B /* ScrolloApp.swift */,
				E7C053A1286F76C100ED4709 /* Constants.swift */,
				AA3EF1E327AB280D00CE248E /* EventManager.swift */,
				AA3EF1D827AACA2700CE248E /* Components */,
				AA3EF1D527AAC45700CE248E /* Models */,
				AA3EF1D027AAC27600CE248E /* Views */,
				AAFD07E0275BED61007C7C8B /* Assets.xcassets */,
				AAFD07E2275BED61007C7C8B /* Preview Content */,
			);
			path = Scrollo;
			sourceTree = "<group>";
		};
		AAFD07E2275BED61007C7C8B /* Preview Content */ = {
			isa = PBXGroup;
			children = (
				AAFD07E3275BED61007C7C8B /* Preview Assets.xcassets */,
			);
			path = "Preview Content";
			sourceTree = "<group>";
		};
/* End PBXGroup section */

/* Begin PBXNativeTarget section */
		AAFD07D8275BED60007C7C8B /* Scrollo */ = {
			isa = PBXNativeTarget;
			buildConfigurationList = AAFD07FD275BED61007C7C8B /* Build configuration list for PBXNativeTarget "Scrollo" */;
			buildPhases = (
				AAFD07D5275BED60007C7C8B /* Sources */,
				AAFD07D6275BED60007C7C8B /* Frameworks */,
				AAFD07D7275BED60007C7C8B /* Resources */,
			);
			buildRules = (
			);
			dependencies = (
			);
			name = Scrollo;
			packageProductDependencies = (
			);
			productName = Scrollo;
			productReference = AAFD07D9275BED60007C7C8B /* Scrollo.app */;
			productType = "com.apple.product-type.application";
		};
		AAFD07E8275BED61007C7C8B /* ScrolloTests */ = {
			isa = PBXNativeTarget;
			buildConfigurationList = AAFD0800275BED61007C7C8B /* Build configuration list for PBXNativeTarget "ScrolloTests" */;
			buildPhases = (
				AAFD07E5275BED61007C7C8B /* Sources */,
				AAFD07E6275BED61007C7C8B /* Frameworks */,
				AAFD07E7275BED61007C7C8B /* Resources */,
			);
			buildRules = (
			);
			dependencies = (
				AAFD07EB275BED61007C7C8B /* PBXTargetDependency */,
			);
			name = ScrolloTests;
			productName = ScrolloTests;
			productReference = AAFD07E9275BED61007C7C8B /* ScrolloTests.xctest */;
			productType = "com.apple.product-type.bundle.unit-test";
		};
		AAFD07F2275BED61007C7C8B /* ScrolloUITests */ = {
			isa = PBXNativeTarget;
			buildConfigurationList = AAFD0803275BED61007C7C8B /* Build configuration list for PBXNativeTarget "ScrolloUITests" */;
			buildPhases = (
				AAFD07EF275BED61007C7C8B /* Sources */,
				AAFD07F0275BED61007C7C8B /* Frameworks */,
				AAFD07F1275BED61007C7C8B /* Resources */,
			);
			buildRules = (
			);
			dependencies = (
				AAFD07F5275BED61007C7C8B /* PBXTargetDependency */,
			);
			name = ScrolloUITests;
			productName = ScrolloUITests;
			productReference = AAFD07F3275BED61007C7C8B /* ScrolloUITests.xctest */;
			productType = "com.apple.product-type.bundle.ui-testing";
		};
/* End PBXNativeTarget section */

/* Begin PBXProject section */
		AAFD07D1275BED60007C7C8B /* Project object */ = {
			isa = PBXProject;
			attributes = {
				BuildIndependentTargetsInParallel = 1;
				LastSwiftUpdateCheck = 1310;
				LastUpgradeCheck = 1310;
				TargetAttributes = {
					AAFD07D8275BED60007C7C8B = {
						CreatedOnToolsVersion = 13.1;
					};
					AAFD07E8275BED61007C7C8B = {
						CreatedOnToolsVersion = 13.1;
						TestTargetID = AAFD07D8275BED60007C7C8B;
					};
					AAFD07F2275BED61007C7C8B = {
						CreatedOnToolsVersion = 13.1;
						TestTargetID = AAFD07D8275BED60007C7C8B;
					};
				};
			};
			buildConfigurationList = AAFD07D4275BED60007C7C8B /* Build configuration list for PBXProject "Scrollo" */;
			compatibilityVersion = "Xcode 13.0";
			developmentRegion = en;
			hasScannedForEncodings = 0;
			knownRegions = (
				en,
				Base,
			);
			mainGroup = AAFD07D0275BED60007C7C8B;
			packageReferences = (
			);
			productRefGroup = AAFD07DA275BED60007C7C8B /* Products */;
			projectDirPath = "";
			projectRoot = "";
			targets = (
				AAFD07D8275BED60007C7C8B /* Scrollo */,
				AAFD07E8275BED61007C7C8B /* ScrolloTests */,
				AAFD07F2275BED61007C7C8B /* ScrolloUITests */,
			);
		};
/* End PBXProject section */

/* Begin PBXResourcesBuildPhase section */
		AAFD07D7275BED60007C7C8B /* Resources */ = {
			isa = PBXResourcesBuildPhase;
			buildActionMask = 2147483647;
			files = (
				AAFD07E4275BED61007C7C8B /* Preview Assets.xcassets in Resources */,
				AAFD07E1275BED61007C7C8B /* Assets.xcassets in Resources */,
			);
			runOnlyForDeploymentPostprocessing = 0;
		};
		AAFD07E7275BED61007C7C8B /* Resources */ = {
			isa = PBXResourcesBuildPhase;
			buildActionMask = 2147483647;
			files = (
			);
			runOnlyForDeploymentPostprocessing = 0;
		};
		AAFD07F1275BED61007C7C8B /* Resources */ = {
			isa = PBXResourcesBuildPhase;
			buildActionMask = 2147483647;
			files = (
			);
			runOnlyForDeploymentPostprocessing = 0;
		};
/* End PBXResourcesBuildPhase section */

/* Begin PBXSourcesBuildPhase section */
		AAFD07D5275BED60007C7C8B /* Sources */ = {
			isa = PBXSourcesBuildPhase;
			buildActionMask = 2147483647;
			files = (
				AA3EF1EC27B07A9900CE248E /* GeneratorAddRow.swift in Sources */,
				AA3EF1DA27AACCA100CE248E /* NavigationBar.swift in Sources */,
				AA3EF1DE27AB0F3F00CE248E /* GeneratorCreationView.swift in Sources */,
				AA838DB927B6809300659EF5 /* FlipCoinView.swift in Sources */,
				AA3EF1D227AAC2B900CE248E /* Generator.swift in Sources */,
				E7C053A6287054FA00ED4709 /* GrowingButton.swift in Sources */,
				AA3EF1E427AB280D00CE248E /* EventManager.swift in Sources */,
				E7C053A0286F6B3000ED4709 /* NPC.swift in Sources */,
				E7C0539C286F67A600ED4709 /* SearchNpcView.swift in Sources */,
				E7C053A42870543300ED4709 /* TalkNpcView.swift in Sources */,
				AA3EF1EA27B077C700CE248E /* AllGeneratorsView.swift in Sources */,
				AAFD07DD275BED60007C7C8B /* ScrolloApp.swift in Sources */,
				AA3EF1E827B06FEC00CE248E /* ContentView.swift in Sources */,
				AA838DBE27B68A5D00659EF5 /* RollDicesView.swift in Sources */,
				AA3EF1E227AB11D600CE248E /* GeneratorDetailsView.swift in Sources */,
				AA838DBC27B6849200659EF5 /* AnotherListView.swift in Sources */,
				E7C053A2286F76C100ED4709 /* Constants.swift in Sources */,
				AA838DC027B68A7800659EF5 /* CallNumberView.swift in Sources */,
				AA838DB727B5D2D200659EF5 /* RoomView.swift in Sources */,
				AA3EF1DC27AACDAE00CE248E /* TitleBar.swift in Sources */,
				AA3EF1D727AAC8D700CE248E /* GeneratorRow.swift in Sources */,
			);
			runOnlyForDeploymentPostprocessing = 0;
		};
		AAFD07E5275BED61007C7C8B /* Sources */ = {
			isa = PBXSourcesBuildPhase;
			buildActionMask = 2147483647;
			files = (
			);
			runOnlyForDeploymentPostprocessing = 0;
		};
		AAFD07EF275BED61007C7C8B /* Sources */ = {
			isa = PBXSourcesBuildPhase;
			buildActionMask = 2147483647;
			files = (
			);
			runOnlyForDeploymentPostprocessing = 0;
		};
/* End PBXSourcesBuildPhase section */

/* Begin PBXTargetDependency section */
		AAFD07EB275BED61007C7C8B /* PBXTargetDependency */ = {
			isa = PBXTargetDependency;
			target = AAFD07D8275BED60007C7C8B /* Scrollo */;
			targetProxy = AAFD07EA275BED61007C7C8B /* PBXContainerItemProxy */;
		};
		AAFD07F5275BED61007C7C8B /* PBXTargetDependency */ = {
			isa = PBXTargetDependency;
			target = AAFD07D8275BED60007C7C8B /* Scrollo */;
			targetProxy = AAFD07F4275BED61007C7C8B /* PBXContainerItemProxy */;
		};
/* End PBXTargetDependency section */

/* Begin XCBuildConfiguration section */
		AAFD07FB275BED61007C7C8B /* Debug */ = {
			isa = XCBuildConfiguration;
			buildSettings = {
				ALWAYS_SEARCH_USER_PATHS = NO;
				CLANG_ANALYZER_NONNULL = YES;
				CLANG_ANALYZER_NUMBER_OBJECT_CONVERSION = YES_AGGRESSIVE;
				CLANG_CXX_LANGUAGE_STANDARD = "gnu++17";
				CLANG_CXX_LIBRARY = "libc++";
				CLANG_ENABLE_MODULES = YES;
				CLANG_ENABLE_OBJC_ARC = YES;
				CLANG_ENABLE_OBJC_WEAK = YES;
				CLANG_WARN_BLOCK_CAPTURE_AUTORELEASING = YES;
				CLANG_WARN_BOOL_CONVERSION = YES;
				CLANG_WARN_COMMA = YES;
				CLANG_WARN_CONSTANT_CONVERSION = YES;
				CLANG_WARN_DEPRECATED_OBJC_IMPLEMENTATIONS = YES;
				CLANG_WARN_DIRECT_OBJC_ISA_USAGE = YES_ERROR;
				CLANG_WARN_DOCUMENTATION_COMMENTS = YES;
				CLANG_WARN_EMPTY_BODY = YES;
				CLANG_WARN_ENUM_CONVERSION = YES;
				CLANG_WARN_INFINITE_RECURSION = YES;
				CLANG_WARN_INT_CONVERSION = YES;
				CLANG_WARN_NON_LITERAL_NULL_CONVERSION = YES;
				CLANG_WARN_OBJC_IMPLICIT_RETAIN_SELF = YES;
				CLANG_WARN_OBJC_LITERAL_CONVERSION = YES;
				CLANG_WARN_OBJC_ROOT_CLASS = YES_ERROR;
				CLANG_WARN_QUOTED_INCLUDE_IN_FRAMEWORK_HEADER = YES;
				CLANG_WARN_RANGE_LOOP_ANALYSIS = YES;
				CLANG_WARN_STRICT_PROTOTYPES = YES;
				CLANG_WARN_SUSPICIOUS_MOVE = YES;
				CLANG_WARN_UNGUARDED_AVAILABILITY = YES_AGGRESSIVE;
				CLANG_WARN_UNREACHABLE_CODE = YES;
				CLANG_WARN__DUPLICATE_METHOD_MATCH = YES;
				COPY_PHASE_STRIP = NO;
				DEBUG_INFORMATION_FORMAT = dwarf;
				ENABLE_STRICT_OBJC_MSGSEND = YES;
				ENABLE_TESTABILITY = YES;
				GCC_C_LANGUAGE_STANDARD = gnu11;
				GCC_DYNAMIC_NO_PIC = NO;
				GCC_NO_COMMON_BLOCKS = YES;
				GCC_OPTIMIZATION_LEVEL = 0;
				GCC_PREPROCESSOR_DEFINITIONS = (
					"DEBUG=1",
					"$(inherited)",
				);
				GCC_WARN_64_TO_32_BIT_CONVERSION = YES;
				GCC_WARN_ABOUT_RETURN_TYPE = YES_ERROR;
				GCC_WARN_UNDECLARED_SELECTOR = YES;
				GCC_WARN_UNINITIALIZED_AUTOS = YES_AGGRESSIVE;
				GCC_WARN_UNUSED_FUNCTION = YES;
				GCC_WARN_UNUSED_VARIABLE = YES;
				IPHONEOS_DEPLOYMENT_TARGET = 15.5;
				MTL_ENABLE_DEBUG_INFO = INCLUDE_SOURCE;
				MTL_FAST_MATH = YES;
				ONLY_ACTIVE_ARCH = YES;
				SDKROOT = iphoneos;
				SWIFT_ACTIVE_COMPILATION_CONDITIONS = DEBUG;
				SWIFT_OPTIMIZATION_LEVEL = "-Onone";
				SWIFT_VERSION = 5.0;
			};
			name = Debug;
		};
		AAFD07FC275BED61007C7C8B /* Release */ = {
			isa = XCBuildConfiguration;
			buildSettings = {
				ALWAYS_SEARCH_USER_PATHS = NO;
				CLANG_ANALYZER_NONNULL = YES;
				CLANG_ANALYZER_NUMBER_OBJECT_CONVERSION = YES_AGGRESSIVE;
				CLANG_CXX_LANGUAGE_STANDARD = "gnu++17";
				CLANG_CXX_LIBRARY = "libc++";
				CLANG_ENABLE_MODULES = YES;
				CLANG_ENABLE_OBJC_ARC = YES;
				CLANG_ENABLE_OBJC_WEAK = YES;
				CLANG_WARN_BLOCK_CAPTURE_AUTORELEASING = YES;
				CLANG_WARN_BOOL_CONVERSION = YES;
				CLANG_WARN_COMMA = YES;
				CLANG_WARN_CONSTANT_CONVERSION = YES;
				CLANG_WARN_DEPRECATED_OBJC_IMPLEMENTATIONS = YES;
				CLANG_WARN_DIRECT_OBJC_ISA_USAGE = YES_ERROR;
				CLANG_WARN_DOCUMENTATION_COMMENTS = YES;
				CLANG_WARN_EMPTY_BODY = YES;
				CLANG_WARN_ENUM_CONVERSION = YES;
				CLANG_WARN_INFINITE_RECURSION = YES;
				CLANG_WARN_INT_CONVERSION = YES;
				CLANG_WARN_NON_LITERAL_NULL_CONVERSION = YES;
				CLANG_WARN_OBJC_IMPLICIT_RETAIN_SELF = YES;
				CLANG_WARN_OBJC_LITERAL_CONVERSION = YES;
				CLANG_WARN_OBJC_ROOT_CLASS = YES_ERROR;
				CLANG_WARN_QUOTED_INCLUDE_IN_FRAMEWORK_HEADER = YES;
				CLANG_WARN_RANGE_LOOP_ANALYSIS = YES;
				CLANG_WARN_STRICT_PROTOTYPES = YES;
				CLANG_WARN_SUSPICIOUS_MOVE = YES;
				CLANG_WARN_UNGUARDED_AVAILABILITY = YES_AGGRESSIVE;
				CLANG_WARN_UNREACHABLE_CODE = YES;
				CLANG_WARN__DUPLICATE_METHOD_MATCH = YES;
				COPY_PHASE_STRIP = NO;
				DEBUG_INFORMATION_FORMAT = "dwarf-with-dsym";
				ENABLE_NS_ASSERTIONS = NO;
				ENABLE_STRICT_OBJC_MSGSEND = YES;
				GCC_C_LANGUAGE_STANDARD = gnu11;
				GCC_NO_COMMON_BLOCKS = YES;
				GCC_WARN_64_TO_32_BIT_CONVERSION = YES;
				GCC_WARN_ABOUT_RETURN_TYPE = YES_ERROR;
				GCC_WARN_UNDECLARED_SELECTOR = YES;
				GCC_WARN_UNINITIALIZED_AUTOS = YES_AGGRESSIVE;
				GCC_WARN_UNUSED_FUNCTION = YES;
				GCC_WARN_UNUSED_VARIABLE = YES;
				IPHONEOS_DEPLOYMENT_TARGET = 15.5;
				MTL_ENABLE_DEBUG_INFO = NO;
				MTL_FAST_MATH = YES;
				SDKROOT = iphoneos;
				SWIFT_COMPILATION_MODE = wholemodule;
				SWIFT_OPTIMIZATION_LEVEL = "-O";
				SWIFT_VERSION = 5.0;
				VALIDATE_PRODUCT = YES;
			};
			name = Release;
		};
		AAFD07FE275BED61007C7C8B /* Debug */ = {
			isa = XCBuildConfiguration;
			buildSettings = {
				ASSETCATALOG_COMPILER_APPICON_NAME = AppIcon;
				ASSETCATALOG_COMPILER_GLOBAL_ACCENT_COLOR_NAME = AccentColor;
				CODE_SIGN_STYLE = Automatic;
				CURRENT_PROJECT_VERSION = 1;
				DEVELOPMENT_ASSET_PATHS = "\"Scrollo/Preview Content\"";
				DEVELOPMENT_TEAM = TCBYMLURJ2;
				ENABLE_PREVIEWS = YES;
				GENERATE_INFOPLIST_FILE = YES;
				INFOPLIST_KEY_UIApplicationSceneManifest_Generation = YES;
				INFOPLIST_KEY_UIApplicationSupportsIndirectInputEvents = YES;
				INFOPLIST_KEY_UILaunchScreen_Generation = YES;
				INFOPLIST_KEY_UISupportedInterfaceOrientations_iPad = "UIInterfaceOrientationPortrait UIInterfaceOrientationPortraitUpsideDown UIInterfaceOrientationLandscapeLeft UIInterfaceOrientationLandscapeRight";
				INFOPLIST_KEY_UISupportedInterfaceOrientations_iPhone = "UIInterfaceOrientationPortrait UIInterfaceOrientationLandscapeLeft UIInterfaceOrientationLandscapeRight";
				LD_RUNPATH_SEARCH_PATHS = (
					"$(inherited)",
					"@executable_path/Frameworks",
				);
				MARKETING_VERSION = 1.0;
				PRODUCT_BUNDLE_IDENTIFIER = ErwinFruit.Scrollo;
				PRODUCT_NAME = "$(TARGET_NAME)";
				SWIFT_EMIT_LOC_STRINGS = YES;
				SWIFT_VERSION = 5.0;
				TARGETED_DEVICE_FAMILY = "1,2";
			};
			name = Debug;
		};
		AAFD07FF275BED61007C7C8B /* Release */ = {
			isa = XCBuildConfiguration;
			buildSettings = {
				ASSETCATALOG_COMPILER_APPICON_NAME = AppIcon;
				ASSETCATALOG_COMPILER_GLOBAL_ACCENT_COLOR_NAME = AccentColor;
				CODE_SIGN_STYLE = Automatic;
				CURRENT_PROJECT_VERSION = 1;
				DEVELOPMENT_ASSET_PATHS = "\"Scrollo/Preview Content\"";
				DEVELOPMENT_TEAM = TCBYMLURJ2;
				ENABLE_PREVIEWS = YES;
				GENERATE_INFOPLIST_FILE = YES;
				INFOPLIST_KEY_UIApplicationSceneManifest_Generation = YES;
				INFOPLIST_KEY_UIApplicationSupportsIndirectInputEvents = YES;
				INFOPLIST_KEY_UILaunchScreen_Generation = YES;
				INFOPLIST_KEY_UISupportedInterfaceOrientations_iPad = "UIInterfaceOrientationPortrait UIInterfaceOrientationPortraitUpsideDown UIInterfaceOrientationLandscapeLeft UIInterfaceOrientationLandscapeRight";
				INFOPLIST_KEY_UISupportedInterfaceOrientations_iPhone = "UIInterfaceOrientationPortrait UIInterfaceOrientationLandscapeLeft UIInterfaceOrientationLandscapeRight";
				LD_RUNPATH_SEARCH_PATHS = (
					"$(inherited)",
					"@executable_path/Frameworks",
				);
				MARKETING_VERSION = 1.0;
				PRODUCT_BUNDLE_IDENTIFIER = ErwinFruit.Scrollo;
				PRODUCT_NAME = "$(TARGET_NAME)";
				SWIFT_EMIT_LOC_STRINGS = YES;
				SWIFT_VERSION = 5.0;
				TARGETED_DEVICE_FAMILY = "1,2";
			};
			name = Release;
		};
		AAFD0801275BED61007C7C8B /* Debug */ = {
			isa = XCBuildConfiguration;
			buildSettings = {
				ALWAYS_EMBED_SWIFT_STANDARD_LIBRARIES = YES;
				BUNDLE_LOADER = "$(TEST_HOST)";
				CODE_SIGN_STYLE = Automatic;
				CURRENT_PROJECT_VERSION = 1;
				GENERATE_INFOPLIST_FILE = YES;
				IPHONEOS_DEPLOYMENT_TARGET = 15.0;
				LD_RUNPATH_SEARCH_PATHS = (
					"$(inherited)",
					"@executable_path/Frameworks",
					"@loader_path/Frameworks",
				);
				MARKETING_VERSION = 1.0;
				PRODUCT_BUNDLE_IDENTIFIER = ErwinFruit.ScrolloTests;
				PRODUCT_NAME = "$(TARGET_NAME)";
				SWIFT_EMIT_LOC_STRINGS = NO;
				SWIFT_VERSION = 5.0;
				TARGETED_DEVICE_FAMILY = "1,2";
				TEST_HOST = "$(BUILT_PRODUCTS_DIR)/Scrollo.app/Scrollo";
			};
			name = Debug;
		};
		AAFD0802275BED61007C7C8B /* Release */ = {
			isa = XCBuildConfiguration;
			buildSettings = {
				ALWAYS_EMBED_SWIFT_STANDARD_LIBRARIES = YES;
				BUNDLE_LOADER = "$(TEST_HOST)";
				CODE_SIGN_STYLE = Automatic;
				CURRENT_PROJECT_VERSION = 1;
				GENERATE_INFOPLIST_FILE = YES;
				IPHONEOS_DEPLOYMENT_TARGET = 15.0;
				LD_RUNPATH_SEARCH_PATHS = (
					"$(inherited)",
					"@executable_path/Frameworks",
					"@loader_path/Frameworks",
				);
				MARKETING_VERSION = 1.0;
				PRODUCT_BUNDLE_IDENTIFIER = ErwinFruit.ScrolloTests;
				PRODUCT_NAME = "$(TARGET_NAME)";
				SWIFT_EMIT_LOC_STRINGS = NO;
				SWIFT_VERSION = 5.0;
				TARGETED_DEVICE_FAMILY = "1,2";
				TEST_HOST = "$(BUILT_PRODUCTS_DIR)/Scrollo.app/Scrollo";
			};
			name = Release;
		};
		AAFD0804275BED61007C7C8B /* Debug */ = {
			isa = XCBuildConfiguration;
			buildSettings = {
				ALWAYS_EMBED_SWIFT_STANDARD_LIBRARIES = YES;
				CODE_SIGN_STYLE = Automatic;
				CURRENT_PROJECT_VERSION = 1;
				GENERATE_INFOPLIST_FILE = YES;
				LD_RUNPATH_SEARCH_PATHS = (
					"$(inherited)",
					"@executable_path/Frameworks",
					"@loader_path/Frameworks",
				);
				MARKETING_VERSION = 1.0;
				PRODUCT_BUNDLE_IDENTIFIER = ErwinFruit.ScrolloUITests;
				PRODUCT_NAME = "$(TARGET_NAME)";
				SWIFT_EMIT_LOC_STRINGS = NO;
				SWIFT_VERSION = 5.0;
				TARGETED_DEVICE_FAMILY = "1,2";
				TEST_TARGET_NAME = Scrollo;
			};
			name = Debug;
		};
		AAFD0805275BED61007C7C8B /* Release */ = {
			isa = XCBuildConfiguration;
			buildSettings = {
				ALWAYS_EMBED_SWIFT_STANDARD_LIBRARIES = YES;
				CODE_SIGN_STYLE = Automatic;
				CURRENT_PROJECT_VERSION = 1;
				GENERATE_INFOPLIST_FILE = YES;
				LD_RUNPATH_SEARCH_PATHS = (
					"$(inherited)",
					"@executable_path/Frameworks",
					"@loader_path/Frameworks",
				);
				MARKETING_VERSION = 1.0;
				PRODUCT_BUNDLE_IDENTIFIER = ErwinFruit.ScrolloUITests;
				PRODUCT_NAME = "$(TARGET_NAME)";
				SWIFT_EMIT_LOC_STRINGS = NO;
				SWIFT_VERSION = 5.0;
				TARGETED_DEVICE_FAMILY = "1,2";
				TEST_TARGET_NAME = Scrollo;
			};
			name = Release;
		};
/* End XCBuildConfiguration section */

/* Begin XCConfigurationList section */
		AAFD07D4275BED60007C7C8B /* Build configuration list for PBXProject "Scrollo" */ = {
			isa = XCConfigurationList;
			buildConfigurations = (
				AAFD07FB275BED61007C7C8B /* Debug */,
				AAFD07FC275BED61007C7C8B /* Release */,
			);
			defaultConfigurationIsVisible = 0;
			defaultConfigurationName = Release;
		};
		AAFD07FD275BED61007C7C8B /* Build configuration list for PBXNativeTarget "Scrollo" */ = {
			isa = XCConfigurationList;
			buildConfigurations = (
				AAFD07FE275BED61007C7C8B /* Debug */,
				AAFD07FF275BED61007C7C8B /* Release */,
			);
			defaultConfigurationIsVisible = 0;
			defaultConfigurationName = Release;
		};
		AAFD0800275BED61007C7C8B /* Build configuration list for PBXNativeTarget "ScrolloTests" */ = {
			isa = XCConfigurationList;
			buildConfigurations = (
				AAFD0801275BED61007C7C8B /* Debug */,
				AAFD0802275BED61007C7C8B /* Release */,
			);
			defaultConfigurationIsVisible = 0;
			defaultConfigurationName = Release;
		};
		AAFD0803275BED61007C7C8B /* Build configuration list for PBXNativeTarget "ScrolloUITests" */ = {
			isa = XCConfigurationList;
			buildConfigurations = (
				AAFD0804275BED61007C7C8B /* Debug */,
				AAFD0805275BED61007C7C8B /* Release */,
			);
			defaultConfigurationIsVisible = 0;
			defaultConfigurationName = Release;
		};
/* End XCConfigurationList section */
	};
	rootObject = AAFD07D1275BED60007C7C8B /* Project object */;
}
